// !$*UTF8*$!
{
	archiveVersion = 1;
	classes = {
	};
	objectVersion = 50;
	objects = {

/* Begin PBXBuildFile section */
		A3A7D062248FAB21001AAFAA /* AppDelegate.swift in Sources */ = {isa = PBXBuildFile; fileRef = A3A7D061248FAB21001AAFAA /* AppDelegate.swift */; };
		A3A7D064248FAB21001AAFAA /* SceneDelegate.swift in Sources */ = {isa = PBXBuildFile; fileRef = A3A7D063248FAB21001AAFAA /* SceneDelegate.swift */; };
		A3A7D066248FAB21001AAFAA /* ViewController.swift in Sources */ = {isa = PBXBuildFile; fileRef = A3A7D065248FAB21001AAFAA /* ViewController.swift */; };
		A3A7D069248FAB21001AAFAA /* Main.storyboard in Resources */ = {isa = PBXBuildFile; fileRef = A3A7D067248FAB21001AAFAA /* Main.storyboard */; };
		A3A7D06B248FAB22001AAFAA /* Assets.xcassets in Resources */ = {isa = PBXBuildFile; fileRef = A3A7D06A248FAB22001AAFAA /* Assets.xcassets */; };
		A3A7D06E248FAB22001AAFAA /* LaunchScreen.storyboard in Resources */ = {isa = PBXBuildFile; fileRef = A3A7D06C248FAB22001AAFAA /* LaunchScreen.storyboard */; };
/* End PBXBuildFile section */

/* Begin PBXFileReference section */
		A3A7D05E248FAB21001AAFAA /* Todo01.app */ = {isa = PBXFileReference; explicitFileType = wrapper.application; includeInIndex = 0; path = Todo01.app; sourceTree = BUILT_PRODUCTS_DIR; };
		A3A7D061248FAB21001AAFAA /* AppDelegate.swift */ = {isa = PBXFileReference; lastKnownFileType = sourcecode.swift; path = AppDelegate.swift; sourceTree = "<group>"; };
		A3A7D063248FAB21001AAFAA /* SceneDelegate.swift */ = {isa = PBXFileReference; lastKnownFileType = sourcecode.swift; path = SceneDelegate.swift; sourceTree = "<group>"; };
		A3A7D065248FAB21001AAFAA /* ViewController.swift */ = {isa = PBXFileReference; lastKnownFileType = sourcecode.swift; path = ViewController.swift; sourceTree = "<group>"; };
		A3A7D068248FAB21001AAFAA /* Base */ = {isa = PBXFileReference; lastKnownFileType = file.storyboard; name = Base; path = Base.lproj/Main.storyboard; sourceTree = "<group>"; };
		A3A7D06A248FAB22001AAFAA /* Assets.xcassets */ = {isa = PBXFileReference; lastKnownFileType = folder.assetcatalog; path = Assets.xcassets; sourceTree = "<group>"; };
		A3A7D06D248FAB22001AAFAA /* Base */ = {isa = PBXFileReference; lastKnownFileType = file.storyboard; name = Base; path = Base.lproj/LaunchScreen.storyboard; sourceTree = "<group>"; };
		A3A7D06F248FAB22001AAFAA /* Info.plist */ = {isa = PBXFileReference; lastKnownFileType = text.plist.xml; path = Info.plist; sourceTree = "<group>"; };
/* End PBXFileReference section */

/* Begin PBXFrameworksBuildPhase section */
		A3A7D05B248FAB21001AAFAA /* Frameworks */ = {
			isa = PBXFrameworksBuildPhase;
			buildActionMask = 2147483647;
			files = (
			);
			runOnlyForDeploymentPostprocessing = 0;
		};
/* End PBXFrameworksBuildPhase section */

/* Begin PBXGroup section */
		A3A7D055248FAB21001AAFAA = {
			isa = PBXGroup;
			children = (
				A3A7D060248FAB21001AAFAA /* Todo01 */,
				A3A7D05F248FAB21001AAFAA /* Products */,
			);
			sourceTree = "<group>";
		};
		A3A7D05F248FAB21001AAFAA /* Products */ = {
			isa = PBXGroup;
			children = (
				A3A7D05E248FAB21001AAFAA /* Todo01.app */,
			);
			name = Products;
			sourceTree = "<group>";
		};
		A3A7D060248FAB21001AAFAA /* Todo01 */ = {
			isa = PBXGroup;
			children = (
				A3A7D061248FAB21001AAFAA /* AppDelegate.swift */,
				A3A7D063248FAB21001AAFAA /* SceneDelegate.swift */,
				A3A7D065248FAB21001AAFAA /* ViewController.swift */,
				A3A7D067248FAB21001AAFAA /* Main.storyboard */,
				A3A7D06A248FAB22001AAFAA /* Assets.xcassets */,
				A3A7D06C248FAB22001AAFAA /* LaunchScreen.storyboard */,
				A3A7D06F248FAB22001AAFAA /* Info.plist */,
			);
			path = Todo01;
			sourceTree = "<group>";
		};
/* End PBXGroup section */

/* Begin PBXNativeTarget section */
		A3A7D05D248FAB21001AAFAA /* Todo01 */ = {
			isa = PBXNativeTarget;
			buildConfigurationList = A3A7D072248FAB22001AAFAA /* Build configuration list for PBXNativeTarget "Todo01" */;
			buildPhases = (
				A3A7D05A248FAB21001AAFAA /* Sources */,
				A3A7D05B248FAB21001AAFAA /* Frameworks */,
				A3A7D05C248FAB21001AAFAA /* Resources */,
			);
			buildRules = (
			);
			dependencies = (
			);
			name = Todo01;
			productName = Todo01;
			productReference = A3A7D05E248FAB21001AAFAA /* Todo01.app */;
			productType = "com.apple.product-type.application";
		};
/* End PBXNativeTarget section */

/* Begin PBXProject section */
		A3A7D056248FAB21001AAFAA /* Project object */ = {
			isa = PBXProject;
			attributes = {
				LastSwiftUpdateCheck = 1140;
				LastUpgradeCheck = 1140;
				ORGANIZATIONNAME = "hiroki kashima";
				TargetAttributes = {
					A3A7D05D248FAB21001AAFAA = {
						CreatedOnToolsVersion = 11.4.1;
					};
				};
			};
			buildConfigurationList = A3A7D059248FAB21001AAFAA /* Build configuration list for PBXProject "Todo01" */;
			compatibilityVersion = "Xcode 9.3";
			developmentRegion = en;
			hasScannedForEncodings = 0;
			knownRegions = (
				en,
				Base,
			);
			mainGroup = A3A7D055248FAB21001AAFAA;
			productRefGroup = A3A7D05F248FAB21001AAFAA /* Products */;
			projectDirPath = "";
			projectRoot = "";
			targets = (
				A3A7D05D248FAB21001AAFAA /* Todo01 */,
			);
		};
/* End PBXProject section */

/* Begin PBXResourcesBuildPhase section */
		A3A7D05C248FAB21001AAFAA /* Resources */ = {
			isa = PBXResourcesBuildPhase;
			buildActionMask = 2147483647;
			files = (
				A3A7D06E248FAB22001AAFAA /* LaunchScreen.storyboard in Resources */,
				A3A7D06B248FAB22001AAFAA /* Assets.xcassets in Resources */,
				A3A7D069248FAB21001AAFAA /* Main.storyboard in Resources */,
			);
			runOnlyForDeploymentPostprocessing = 0;
		};
/* End PBXResourcesBuildPhase section */

/* Begin PBXSourcesBuildPhase section */
		A3A7D05A248FAB21001AAFAA /* Sources */ = {
			isa = PBXSourcesBuildPhase;
			buildActionMask = 2147483647;
			files = (
				A3A7D066248FAB21001AAFAA /* ViewController.swift in Sources */,
				A3A7D062248FAB21001AAFAA /* AppDelegate.swift in Sources */,
				A3A7D064248FAB21001AAFAA /* SceneDelegate.swift in Sources */,
			);
			runOnlyForDeploymentPostprocessing = 0;
		};
/* End PBXSourcesBuildPhase section */

/* Begin PBXVariantGroup section */
		A3A7D067248FAB21001AAFAA /* Main.storyboard */ = {
			isa = PBXVariantGroup;
			children = (
				A3A7D068248FAB21001AAFAA /* Base */,
			);
			name = Main.storyboard;
			sourceTree = "<group>";
		};
		A3A7D06C248FAB22001AAFAA /* LaunchScreen.storyboard */ = {
			isa = PBXVariantGroup;
			children = (
				A3A7D06D248FAB22001AAFAA /* Base */,
			);
			name = LaunchScreen.storyboard;
			sourceTree = "<group>";
		};
/* End PBXVariantGroup section */

/* Begin XCBuildConfiguration section */
		A3A7D070248FAB22001AAFAA /* Debug */ = {
			isa = XCBuildConfiguration;
			buildSettings = {
				ALWAYS_SEARCH_USER_PATHS = NO;
				CLANG_ANALYZER_NONNULL = YES;
				CLANG_ANALYZER_NUMBER_OBJECT_CONVERSION = YES_AGGRESSIVE;
				CLANG_CXX_LANGUAGE_STANDARD = "gnu++14";
				CLANG_CXX_LIBRARY = "libc++";
				CLANG_ENABLE_MODULES = YES;
				CLANG_ENABLE_OBJC_ARC = YES;
				CLANG_ENABLE_OBJC_WEAK = YES;
				CLANG_WARN_BLOCK_CAPTURE_AUTORELEASING = YES;
				CLANG_WARN_BOOL_CONVERSION = YES;
				CLANG_WARN_COMMA = YES;
				CLANG_WARN_CONSTANT_CONVERSION = YES;
				CLANG_WARN_DEPRECATED_OBJC_IMPLEMENTATIONS = YES;
				CLANG_WARN_DIRECT_OBJC_ISA_USAGE = YES_ERROR;
				CLANG_WARN_DOCUMENTATION_COMMENTS = YES;
				CLANG_WARN_EMPTY_BODY = YES;
				CLANG_WARN_ENUM_CONVERSION = YES;
				CLANG_WARN_INFINITE_RECURSION = YES;
				CLANG_WARN_INT_CONVERSION = YES;
				CLANG_WARN_NON_LITERAL_NULL_CONVERSION = YES;
				CLANG_WARN_OBJC_IMPLICIT_RETAIN_SELF = YES;
				CLANG_WARN_OBJC_LITERAL_CONVERSION = YES;
				CLANG_WARN_OBJC_ROOT_CLASS = YES_ERROR;
				CLANG_WARN_RANGE_LOOP_ANALYSIS = YES;
				CLANG_WARN_STRICT_PROTOTYPES = YES;
				CLANG_WARN_SUSPICIOUS_MOVE = YES;
				CLANG_WARN_UNGUARDED_AVAILABILITY = YES_AGGRESSIVE;
				CLANG_WARN_UNREACHABLE_CODE = YES;
				CLANG_WARN__DUPLICATE_METHOD_MATCH = YES;
				COPY_PHASE_STRIP = NO;
				DEBUG_INFORMATION_FORMAT = dwarf;
				ENABLE_STRICT_OBJC_MSGSEND = YES;
				ENABLE_TESTABILITY = YES;
				GCC_C_LANGUAGE_STANDARD = gnu11;
				GCC_DYNAMIC_NO_PIC = NO;
				GCC_NO_COMMON_BLOCKS = YES;
				GCC_OPTIMIZATION_LEVEL = 0;
				GCC_PREPROCESSOR_DEFINITIONS = (
					"DEBUG=1",
					"$(inherited)",
				);
				GCC_WARN_64_TO_32_BIT_CONVERSION = YES;
				GCC_WARN_ABOUT_RETURN_TYPE = YES_ERROR;
				GCC_WARN_UNDECLARED_SELECTOR = YES;
				GCC_WARN_UNINITIALIZED_AUTOS = YES_AGGRESSIVE;
				GCC_WARN_UNUSED_FUNCTION = YES;
				GCC_WARN_UNUSED_VARIABLE = YES;
				IPHONEOS_DEPLOYMENT_TARGET = 13.4;
				MTL_ENABLE_DEBUG_INFO = INCLUDE_SOURCE;
				MTL_FAST_MATH = YES;
				ONLY_ACTIVE_ARCH = YES;
				SDKROOT = iphoneos;
				SWIFT_ACTIVE_COMPILATION_CONDITIONS = DEBUG;
				SWIFT_OPTIMIZATION_LEVEL = "-Onone";
			};
			name = Debug;
		};
		A3A7D071248FAB22001AAFAA /* Release */ = {
			isa = XCBuildConfiguration;
			buildSettings = {
				ALWAYS_SEARCH_USER_PATHS = NO;
				CLANG_ANALYZER_NONNULL = YES;
				CLANG_ANALYZER_NUMBER_OBJECT_CONVERSION = YES_AGGRESSIVE;
				CLANG_CXX_LANGUAGE_STANDARD = "gnu++14";
				CLANG_CXX_LIBRARY = "libc++";
				CLANG_ENABLE_MODULES = YES;
				CLANG_ENABLE_OBJC_ARC = YES;
				CLANG_ENABLE_OBJC_WEAK = YES;
				CLANG_WARN_BLOCK_CAPTURE_AUTORELEASING = YES;
				CLANG_WARN_BOOL_CONVERSION = YES;
				CLANG_WARN_COMMA = YES;
				CLANG_WARN_CONSTANT_CONVERSION = YES;
				CLANG_WARN_DEPRECATED_OBJC_IMPLEMENTATIONS = YES;
				CLANG_WARN_DIRECT_OBJC_ISA_USAGE = YES_ERROR;
				CLANG_WARN_DOCUMENTATION_COMMENTS = YES;
				CLANG_WARN_EMPTY_BODY = YES;
				CLANG_WARN_ENUM_CONVERSION = YES;
				CLANG_WARN_INFINITE_RECURSION = YES;
				CLANG_WARN_INT_CONVERSION = YES;
				CLANG_WARN_NON_LITERAL_NULL_CONVERSION = YES;
				CLANG_WARN_OBJC_IMPLICIT_RETAIN_SELF = YES;
				CLANG_WARN_OBJC_LITERAL_CONVERSION = YES;
				CLANG_WARN_OBJC_ROOT_CLASS = YES_ERROR;
				CLANG_WARN_RANGE_LOOP_ANALYSIS = YES;
				CLANG_WARN_STRICT_PROTOTYPES = YES;
				CLANG_WARN_SUSPICIOUS_MOVE = YES;
				CLANG_WARN_UNGUARDED_AVAILABILITY = YES_AGGRESSIVE;
				CLANG_WARN_UNREACHABLE_CODE = YES;
				CLANG_WARN__DUPLICATE_METHOD_MATCH = YES;
				COPY_PHASE_STRIP = NO;
				DEBUG_INFORMATION_FORMAT = "dwarf-with-dsym";
				ENABLE_NS_ASSERTIONS = NO;
				ENABLE_STRICT_OBJC_MSGSEND = YES;
				GCC_C_LANGUAGE_STANDARD = gnu11;
				GCC_NO_COMMON_BLOCKS = YES;
				GCC_WARN_64_TO_32_BIT_CONVERSION = YES;
				GCC_WARN_ABOUT_RETURN_TYPE = YES_ERROR;
				GCC_WARN_UNDECLARED_SELECTOR = YES;
				GCC_WARN_UNINITIALIZED_AUTOS = YES_AGGRESSIVE;
				GCC_WARN_UNUSED_FUNCTION = YES;
				GCC_WARN_UNUSED_VARIABLE = YES;
				IPHONEOS_DEPLOYMENT_TARGET = 13.4;
				MTL_ENABLE_DEBUG_INFO = NO;
				MTL_FAST_MATH = YES;
				SDKROOT = iphoneos;
				SWIFT_COMPILATION_MODE = wholemodule;
				SWIFT_OPTIMIZATION_LEVEL = "-O";
				VALIDATE_PRODUCT = YES;
			};
			name = Release;
		};
		A3A7D073248FAB22001AAFAA /* Debug */ = {
			isa = XCBuildConfiguration;
			buildSettings = {
				ASSETCATALOG_COMPILER_APPICON_NAME = AppIcon;
				CODE_SIGN_STYLE = Automatic;
				DEVELOPMENT_TEAM = JAW3W57P5K;
				INFOPLIST_FILE = Todo01/Info.plist;
				LD_RUNPATH_SEARCH_PATHS = (
					"$(inherited)",
					"@executable_path/Frameworks",
				);
				PRODUCT_BUNDLE_IDENTIFIER = com.icloud.kashima0727.Todo01;
				PRODUCT_NAME = "$(TARGET_NAME)";
				SWIFT_VERSION = 5.0;
				TARGETED_DEVICE_FAMILY = "1,2";
			};
			name = Debug;
		};
		A3A7D074248FAB22001AAFAA /* Release */ = {
			isa = XCBuildConfiguration;
			buildSettings = {
				ASSETCATALOG_COMPILER_APPICON_NAME = AppIcon;
				CODE_SIGN_STYLE = Automatic;
				DEVELOPMENT_TEAM = JAW3W57P5K;
				INFOPLIST_FILE = Todo01/Info.plist;
				LD_RUNPATH_SEARCH_PATHS = (
					"$(inherited)",
					"@executable_path/Frameworks",
				);
				PRODUCT_BUNDLE_IDENTIFIER = com.icloud.kashima0727.Todo01;
				PRODUCT_NAME = "$(TARGET_NAME)";
				SWIFT_VERSION = 5.0;
				TARGETED_DEVICE_FAMILY = "1,2";
			};
			name = Release;
		};
/* End XCBuildConfiguration section */

/* Begin XCConfigurationList section */
		A3A7D059248FAB21001AAFAA /* Build configuration list for PBXProject "Todo01" */ = {
			isa = XCConfigurationList;
			buildConfigurations = (
				A3A7D070248FAB22001AAFAA /* Debug */,
				A3A7D071248FAB22001AAFAA /* Release */,
			);
			defaultConfigurationIsVisible = 0;
			defaultConfigurationName = Release;
		};
		A3A7D072248FAB22001AAFAA /* Build configuration list for PBXNativeTarget "Todo01" */ = {
			isa = XCConfigurationList;
			buildConfigurations = (
				A3A7D073248FAB22001AAFAA /* Debug */,
				A3A7D074248FAB22001AAFAA /* Release */,
			);
			defaultConfigurationIsVisible = 0;
			defaultConfigurationName = Release;
		};
/* End XCConfigurationList section */
	};
	rootObject = A3A7D056248FAB21001AAFAA /* Project object */;
}
